# THIS IS AN AUTOGENERATED FILE. DO NOT EDIT THIS FILE DIRECTLY.
# yarn lockfile v1


"@vant/weapp@^1.8.5":
  version "1.8.6"
  resolved "https://registry.nlark.com/@vant/weapp/download/@vant/weapp-1.8.6.tgz#770630d10e7ebf9eb189aea1282a6a202d2aa451"
  integrity sha1-dwYw0Q5+v56xia6hKCpqIC0qpFE=

iview-weapp@^2.0.0:
  version "2.0.0"
  resolved "https://registry.nlark.com/iview-weapp/download/iview-weapp-2.0.0.tgz#4f9a83be428bab253fb0482f6792a0a461ddfd8c"
  integrity sha1-T5qDvkKLqyU/sEgvZ5KgpGHd/Yw=

kai-ui@^1.2.4:
  version "1.2.4"
  resolved "https://registry.nlark.com/kai-ui/download/kai-ui-1.2.4.tgz#9bcdc3b65d05c7c1ecfb8b636b5d187b5d9e5cb3"
  integrity sha1-m83Dtl0Fx8Hs+4tja10Ye12eXLM=

mitoo-weapp@^0.1.1:
  version "0.1.1"
  resolved "https://registry.nlark.com/mitoo-weapp/download/mitoo-weapp-0.1.1.tgz#9bfc2e1927ccd0aeef1e57af73da04356a3c96c5"
  integrity sha1-m/wuGSfM0K7vHlevc9oENWo8lsU=

wuss-weapp@^2.3.3:
  version "2.3.3"
  resolved "https://registry.nlark.com/wuss-weapp/download/wuss-weapp-2.3.3.tgz#2181f56c2b99a6e2dca57a51194671926defb9a2"
  integrity sha1-IYH1bCuZpuLcpXpRGUZxkm3vuaI=

wux-weapp@^3.8.8:
  version "3.8.8"
  resolved "https://registry.nlark.com/wux-weapp/download/wux-weapp-3.8.8.tgz#23e340424bf25f3ea77b2955646de79fdca7a3a0"
  integrity sha1-I+NAQkvyXz6neylVZG3nn9yno6A=
